// !$*UTF8*$!
{
	archiveVersion = 1;
	classes = {
	};
	objectVersion = 50;
	objects = {

/* Begin PBXBuildFile section */
		4C770C3C2652969000496697 /* AppDelegate.swift in Sources */ = {isa = PBXBuildFile; fileRef = 4C770C3B2652969000496697 /* AppDelegate.swift */; };
		4C770C3E2652969000496697 /* SceneDelegate.swift in Sources */ = {isa = PBXBuildFile; fileRef = 4C770C3D2652969000496697 /* SceneDelegate.swift */; };
		4C770C402652969000496697 /* ViewController.swift in Sources */ = {isa = PBXBuildFile; fileRef = 4C770C3F2652969000496697 /* ViewController.swift */; };
		4C770C432652969000496697 /* Main.storyboard in Resources */ = {isa = PBXBuildFile; fileRef = 4C770C412652969000496697 /* Main.storyboard */; };
		4C770C452652969400496697 /* Assets.xcassets in Resources */ = {isa = PBXBuildFile; fileRef = 4C770C442652969400496697 /* Assets.xcassets */; };
		4C770C482652969400496697 /* LaunchScreen.storyboard in Resources */ = {isa = PBXBuildFile; fileRef = 4C770C462652969400496697 /* LaunchScreen.storyboard */; };
		4C770C522652B52600496697 /* DetailViewController.swift in Sources */ = {isa = PBXBuildFile; fileRef = 4C770C512652B52600496697 /* DetailViewController.swift */; };
		4C770C6C2652BEE500496697 /* spain@2x.png in Resources */ = {isa = PBXBuildFile; fileRef = 4C770C542652BEE500496697 /* spain@2x.png */; };
		4C770C6D2652BEE500496697 /* nigeria@2x.png in Resources */ = {isa = PBXBuildFile; fileRef = 4C770C552652BEE500496697 /* nigeria@2x.png */; };
		4C770C6E2652BEE500496697 /* nigeria@3x.png in Resources */ = {isa = PBXBuildFile; fileRef = 4C770C562652BEE500496697 /* nigeria@3x.png */; };
		4C770C6F2652BEE500496697 /* spain@3x.png in Resources */ = {isa = PBXBuildFile; fileRef = 4C770C572652BEE500496697 /* spain@3x.png */; };
		4C770C702652BEE500496697 /* italy@3x.png in Resources */ = {isa = PBXBuildFile; fileRef = 4C770C582652BEE500496697 /* italy@3x.png */; };
		4C770C712652BEE500496697 /* ireland@2x.png in Resources */ = {isa = PBXBuildFile; fileRef = 4C770C592652BEE500496697 /* ireland@2x.png */; };
		4C770C722652BEE500496697 /* germany@3x.png in Resources */ = {isa = PBXBuildFile; fileRef = 4C770C5A2652BEE500496697 /* germany@3x.png */; };
		4C770C732652BEE500496697 /* germany@2x.png in Resources */ = {isa = PBXBuildFile; fileRef = 4C770C5B2652BEE500496697 /* germany@2x.png */; };
		4C770C742652BEE500496697 /* ireland@3x.png in Resources */ = {isa = PBXBuildFile; fileRef = 4C770C5C2652BEE500496697 /* ireland@3x.png */; };
		4C770C752652BEE500496697 /* italy@2x.png in Resources */ = {isa = PBXBuildFile; fileRef = 4C770C5D2652BEE500496697 /* italy@2x.png */; };
		4C770C762652BEE500496697 /* poland@2x.png in Resources */ = {isa = PBXBuildFile; fileRef = 4C770C5E2652BEE500496697 /* poland@2x.png */; };
		4C770C772652BEE500496697 /* russia@2x.png in Resources */ = {isa = PBXBuildFile; fileRef = 4C770C5F2652BEE500496697 /* russia@2x.png */; };
		4C770C782652BEE500496697 /* estonia@2x.png in Resources */ = {isa = PBXBuildFile; fileRef = 4C770C602652BEE500496697 /* estonia@2x.png */; };
		4C770C792652BEE500496697 /* estonia@3x.png in Resources */ = {isa = PBXBuildFile; fileRef = 4C770C612652BEE500496697 /* estonia@3x.png */; };
		4C770C7A2652BEE500496697 /* russia@3x.png in Resources */ = {isa = PBXBuildFile; fileRef = 4C770C622652BEE500496697 /* russia@3x.png */; };
		4C770C7B2652BEE500496697 /* poland@3x.png in Resources */ = {isa = PBXBuildFile; fileRef = 4C770C632652BEE500496697 /* poland@3x.png */; };
		4C770C7C2652BEE500496697 /* uk@3x.png in Resources */ = {isa = PBXBuildFile; fileRef = 4C770C642652BEE500496697 /* uk@3x.png */; };
		4C770C7D2652BEE500496697 /* us@3x.png in Resources */ = {isa = PBXBuildFile; fileRef = 4C770C652652BEE500496697 /* us@3x.png */; };
		4C770C7E2652BEE500496697 /* france@3x.png in Resources */ = {isa = PBXBuildFile; fileRef = 4C770C662652BEE500496697 /* france@3x.png */; };
		4C770C7F2652BEE500496697 /* monaco@2x.png in Resources */ = {isa = PBXBuildFile; fileRef = 4C770C672652BEE500496697 /* monaco@2x.png */; };
		4C770C802652BEE500496697 /* monaco@3x.png in Resources */ = {isa = PBXBuildFile; fileRef = 4C770C682652BEE500496697 /* monaco@3x.png */; };
		4C770C812652BEE500496697 /* france@2x.png in Resources */ = {isa = PBXBuildFile; fileRef = 4C770C692652BEE500496697 /* france@2x.png */; };
		4C770C822652BEE500496697 /* us@2x.png in Resources */ = {isa = PBXBuildFile; fileRef = 4C770C6A2652BEE500496697 /* us@2x.png */; };
		4C770C832652BEE500496697 /* uk@2x.png in Resources */ = {isa = PBXBuildFile; fileRef = 4C770C6B2652BEE500496697 /* uk@2x.png */; };
/* End PBXBuildFile section */

/* Begin PBXFileReference section */
		4C770C382652969000496697 /* Challenge-Day23.app */ = {isa = PBXFileReference; explicitFileType = wrapper.application; includeInIndex = 0; path = "Challenge-Day23.app"; sourceTree = BUILT_PRODUCTS_DIR; };
		4C770C3B2652969000496697 /* AppDelegate.swift */ = {isa = PBXFileReference; lastKnownFileType = sourcecode.swift; path = AppDelegate.swift; sourceTree = "<group>"; };
		4C770C3D2652969000496697 /* SceneDelegate.swift */ = {isa = PBXFileReference; lastKnownFileType = sourcecode.swift; path = SceneDelegate.swift; sourceTree = "<group>"; };
		4C770C3F2652969000496697 /* ViewController.swift */ = {isa = PBXFileReference; lastKnownFileType = sourcecode.swift; path = ViewController.swift; sourceTree = "<group>"; };
		4C770C422652969000496697 /* Base */ = {isa = PBXFileReference; lastKnownFileType = file.storyboard; name = Base; path = Base.lproj/Main.storyboard; sourceTree = "<group>"; };
		4C770C442652969400496697 /* Assets.xcassets */ = {isa = PBXFileReference; lastKnownFileType = folder.assetcatalog; path = Assets.xcassets; sourceTree = "<group>"; };
		4C770C472652969400496697 /* Base */ = {isa = PBXFileReference; lastKnownFileType = file.storyboard; name = Base; path = Base.lproj/LaunchScreen.storyboard; sourceTree = "<group>"; };
		4C770C492652969400496697 /* Info.plist */ = {isa = PBXFileReference; lastKnownFileType = text.plist.xml; path = Info.plist; sourceTree = "<group>"; };
		4C770C512652B52600496697 /* DetailViewController.swift */ = {isa = PBXFileReference; lastKnownFileType = sourcecode.swift; path = DetailViewController.swift; sourceTree = "<group>"; };
		4C770C542652BEE500496697 /* spain@2x.png */ = {isa = PBXFileReference; lastKnownFileType = image.png; path = "spain@2x.png"; sourceTree = "<group>"; };
		4C770C552652BEE500496697 /* nigeria@2x.png */ = {isa = PBXFileReference; lastKnownFileType = image.png; path = "nigeria@2x.png"; sourceTree = "<group>"; };
		4C770C562652BEE500496697 /* nigeria@3x.png */ = {isa = PBXFileReference; lastKnownFileType = image.png; path = "nigeria@3x.png"; sourceTree = "<group>"; };
		4C770C572652BEE500496697 /* spain@3x.png */ = {isa = PBXFileReference; lastKnownFileType = image.png; path = "spain@3x.png"; sourceTree = "<group>"; };
		4C770C582652BEE500496697 /* italy@3x.png */ = {isa = PBXFileReference; lastKnownFileType = image.png; path = "italy@3x.png"; sourceTree = "<group>"; };
		4C770C592652BEE500496697 /* ireland@2x.png */ = {isa = PBXFileReference; lastKnownFileType = image.png; path = "ireland@2x.png"; sourceTree = "<group>"; };
		4C770C5A2652BEE500496697 /* germany@3x.png */ = {isa = PBXFileReference; lastKnownFileType = image.png; path = "germany@3x.png"; sourceTree = "<group>"; };
		4C770C5B2652BEE500496697 /* germany@2x.png */ = {isa = PBXFileReference; lastKnownFileType = image.png; path = "germany@2x.png"; sourceTree = "<group>"; };
		4C770C5C2652BEE500496697 /* ireland@3x.png */ = {isa = PBXFileReference; lastKnownFileType = image.png; path = "ireland@3x.png"; sourceTree = "<group>"; };
		4C770C5D2652BEE500496697 /* italy@2x.png */ = {isa = PBXFileReference; lastKnownFileType = image.png; path = "italy@2x.png"; sourceTree = "<group>"; };
		4C770C5E2652BEE500496697 /* poland@2x.png */ = {isa = PBXFileReference; lastKnownFileType = image.png; path = "poland@2x.png"; sourceTree = "<group>"; };
		4C770C5F2652BEE500496697 /* russia@2x.png */ = {isa = PBXFileReference; lastKnownFileType = image.png; path = "russia@2x.png"; sourceTree = "<group>"; };
		4C770C602652BEE500496697 /* estonia@2x.png */ = {isa = PBXFileReference; lastKnownFileType = image.png; path = "estonia@2x.png"; sourceTree = "<group>"; };
		4C770C612652BEE500496697 /* estonia@3x.png */ = {isa = PBXFileReference; lastKnownFileType = image.png; path = "estonia@3x.png"; sourceTree = "<group>"; };
		4C770C622652BEE500496697 /* russia@3x.png */ = {isa = PBXFileReference; lastKnownFileType = image.png; path = "russia@3x.png"; sourceTree = "<group>"; };
		4C770C632652BEE500496697 /* poland@3x.png */ = {isa = PBXFileReference; lastKnownFileType = image.png; path = "poland@3x.png"; sourceTree = "<group>"; };
		4C770C642652BEE500496697 /* uk@3x.png */ = {isa = PBXFileReference; lastKnownFileType = image.png; path = "uk@3x.png"; sourceTree = "<group>"; };
		4C770C652652BEE500496697 /* us@3x.png */ = {isa = PBXFileReference; lastKnownFileType = image.png; path = "us@3x.png"; sourceTree = "<group>"; };
		4C770C662652BEE500496697 /* france@3x.png */ = {isa = PBXFileReference; lastKnownFileType = image.png; path = "france@3x.png"; sourceTree = "<group>"; };
		4C770C672652BEE500496697 /* monaco@2x.png */ = {isa = PBXFileReference; lastKnownFileType = image.png; path = "monaco@2x.png"; sourceTree = "<group>"; };
		4C770C682652BEE500496697 /* monaco@3x.png */ = {isa = PBXFileReference; lastKnownFileType = image.png; path = "monaco@3x.png"; sourceTree = "<group>"; };
		4C770C692652BEE500496697 /* france@2x.png */ = {isa = PBXFileReference; lastKnownFileType = image.png; path = "france@2x.png"; sourceTree = "<group>"; };
		4C770C6A2652BEE500496697 /* us@2x.png */ = {isa = PBXFileReference; lastKnownFileType = image.png; path = "us@2x.png"; sourceTree = "<group>"; };
		4C770C6B2652BEE500496697 /* uk@2x.png */ = {isa = PBXFileReference; lastKnownFileType = image.png; path = "uk@2x.png"; sourceTree = "<group>"; };
/* End PBXFileReference section */

/* Begin PBXFrameworksBuildPhase section */
		4C770C352652969000496697 /* Frameworks */ = {
			isa = PBXFrameworksBuildPhase;
			buildActionMask = 2147483647;
			files = (
			);
			runOnlyForDeploymentPostprocessing = 0;
		};
/* End PBXFrameworksBuildPhase section */

/* Begin PBXGroup section */
		4C770C2F2652969000496697 = {
			isa = PBXGroup;
			children = (
				4C770C3A2652969000496697 /* Challenge-Day23 */,
				4C770C392652969000496697 /* Products */,
			);
			sourceTree = "<group>";
		};
		4C770C392652969000496697 /* Products */ = {
			isa = PBXGroup;
			children = (
				4C770C382652969000496697 /* Challenge-Day23.app */,
			);
			name = Products;
			sourceTree = "<group>";
		};
		4C770C3A2652969000496697 /* Challenge-Day23 */ = {
			isa = PBXGroup;
			children = (
				4C770C3B2652969000496697 /* AppDelegate.swift */,
				4C770C3D2652969000496697 /* SceneDelegate.swift */,
				4C770C3F2652969000496697 /* ViewController.swift */,
				4C770C512652B52600496697 /* DetailViewController.swift */,
				4C770C412652969000496697 /* Main.storyboard */,
				4C770C442652969400496697 /* Assets.xcassets */,
				4C770C462652969400496697 /* LaunchScreen.storyboard */,
				4C770C532652BEE500496697 /* Contents */,
				4C770C492652969400496697 /* Info.plist */,
			);
			path = "Challenge-Day23";
			sourceTree = "<group>";
		};
		4C770C532652BEE500496697 /* Contents */ = {
			isa = PBXGroup;
			children = (
				4C770C542652BEE500496697 /* spain@2x.png */,
				4C770C552652BEE500496697 /* nigeria@2x.png */,
				4C770C562652BEE500496697 /* nigeria@3x.png */,
				4C770C572652BEE500496697 /* spain@3x.png */,
				4C770C582652BEE500496697 /* italy@3x.png */,
				4C770C592652BEE500496697 /* ireland@2x.png */,
				4C770C5A2652BEE500496697 /* germany@3x.png */,
				4C770C5B2652BEE500496697 /* germany@2x.png */,
				4C770C5C2652BEE500496697 /* ireland@3x.png */,
				4C770C5D2652BEE500496697 /* italy@2x.png */,
				4C770C5E2652BEE500496697 /* poland@2x.png */,
				4C770C5F2652BEE500496697 /* russia@2x.png */,
				4C770C602652BEE500496697 /* estonia@2x.png */,
				4C770C612652BEE500496697 /* estonia@3x.png */,
				4C770C622652BEE500496697 /* russia@3x.png */,
				4C770C632652BEE500496697 /* poland@3x.png */,
				4C770C642652BEE500496697 /* uk@3x.png */,
				4C770C652652BEE500496697 /* us@3x.png */,
				4C770C662652BEE500496697 /* france@3x.png */,
				4C770C672652BEE500496697 /* monaco@2x.png */,
				4C770C682652BEE500496697 /* monaco@3x.png */,
				4C770C692652BEE500496697 /* france@2x.png */,
				4C770C6A2652BEE500496697 /* us@2x.png */,
				4C770C6B2652BEE500496697 /* uk@2x.png */,
			);
			path = Contents;
			sourceTree = "<group>";
		};
/* End PBXGroup section */

/* Begin PBXNativeTarget section */
		4C770C372652969000496697 /* Challenge-Day23 */ = {
			isa = PBXNativeTarget;
			buildConfigurationList = 4C770C4C2652969400496697 /* Build configuration list for PBXNativeTarget "Challenge-Day23" */;
			buildPhases = (
				4C770C342652969000496697 /* Sources */,
				4C770C352652969000496697 /* Frameworks */,
				4C770C362652969000496697 /* Resources */,
			);
			buildRules = (
			);
			dependencies = (
			);
			name = "Challenge-Day23";
			productName = "Challenge-Day23";
			productReference = 4C770C382652969000496697 /* Challenge-Day23.app */;
			productType = "com.apple.product-type.application";
		};
/* End PBXNativeTarget section */

/* Begin PBXProject section */
		4C770C302652969000496697 /* Project object */ = {
			isa = PBXProject;
			attributes = {
				LastSwiftUpdateCheck = 1250;
				LastUpgradeCheck = 1250;
				TargetAttributes = {
					4C770C372652969000496697 = {
						CreatedOnToolsVersion = 12.5;
					};
				};
			};
			buildConfigurationList = 4C770C332652969000496697 /* Build configuration list for PBXProject "Challenge-Day23" */;
			compatibilityVersion = "Xcode 9.3";
			developmentRegion = en;
			hasScannedForEncodings = 0;
			knownRegions = (
				en,
				Base,
			);
			mainGroup = 4C770C2F2652969000496697;
			productRefGroup = 4C770C392652969000496697 /* Products */;
			projectDirPath = "";
			projectRoot = "";
			targets = (
				4C770C372652969000496697 /* Challenge-Day23 */,
			);
		};
/* End PBXProject section */

/* Begin PBXResourcesBuildPhase section */
		4C770C362652969000496697 /* Resources */ = {
			isa = PBXResourcesBuildPhase;
			buildActionMask = 2147483647;
			files = (
				4C770C802652BEE500496697 /* monaco@3x.png in Resources */,
				4C770C6D2652BEE500496697 /* nigeria@2x.png in Resources */,
				4C770C822652BEE500496697 /* us@2x.png in Resources */,
				4C770C6E2652BEE500496697 /* nigeria@3x.png in Resources */,
				4C770C7B2652BEE500496697 /* poland@3x.png in Resources */,
				4C770C7C2652BEE500496697 /* uk@3x.png in Resources */,
				4C770C812652BEE500496697 /* france@2x.png in Resources */,
				4C770C752652BEE500496697 /* italy@2x.png in Resources */,
				4C770C6C2652BEE500496697 /* spain@2x.png in Resources */,
				4C770C722652BEE500496697 /* germany@3x.png in Resources */,
				4C770C482652969400496697 /* LaunchScreen.storyboard in Resources */,
				4C770C762652BEE500496697 /* poland@2x.png in Resources */,
				4C770C452652969400496697 /* Assets.xcassets in Resources */,
				4C770C702652BEE500496697 /* italy@3x.png in Resources */,
				4C770C792652BEE500496697 /* estonia@3x.png in Resources */,
				4C770C7F2652BEE500496697 /* monaco@2x.png in Resources */,
				4C770C432652969000496697 /* Main.storyboard in Resources */,
				4C770C712652BEE500496697 /* ireland@2x.png in Resources */,
				4C770C732652BEE500496697 /* germany@2x.png in Resources */,
				4C770C7D2652BEE500496697 /* us@3x.png in Resources */,
				4C770C6F2652BEE500496697 /* spain@3x.png in Resources */,
				4C770C772652BEE500496697 /* russia@2x.png in Resources */,
				4C770C782652BEE500496697 /* estonia@2x.png in Resources */,
				4C770C7A2652BEE500496697 /* russia@3x.png in Resources */,
				4C770C832652BEE500496697 /* uk@2x.png in Resources */,
				4C770C7E2652BEE500496697 /* france@3x.png in Resources */,
				4C770C742652BEE500496697 /* ireland@3x.png in Resources */,
			);
			runOnlyForDeploymentPostprocessing = 0;
		};
/* End PBXResourcesBuildPhase section */

/* Begin PBXSourcesBuildPhase section */
		4C770C342652969000496697 /* Sources */ = {
			isa = PBXSourcesBuildPhase;
			buildActionMask = 2147483647;
			files = (
				4C770C402652969000496697 /* ViewController.swift in Sources */,
				4C770C3C2652969000496697 /* AppDelegate.swift in Sources */,
				4C770C3E2652969000496697 /* SceneDelegate.swift in Sources */,
				4C770C522652B52600496697 /* DetailViewController.swift in Sources */,
			);
			runOnlyForDeploymentPostprocessing = 0;
		};
/* End PBXSourcesBuildPhase section */

/* Begin PBXVariantGroup section */
		4C770C412652969000496697 /* Main.storyboard */ = {
			isa = PBXVariantGroup;
			children = (
				4C770C422652969000496697 /* Base */,
			);
			name = Main.storyboard;
			sourceTree = "<group>";
		};
		4C770C462652969400496697 /* LaunchScreen.storyboard */ = {
			isa = PBXVariantGroup;
			children = (
				4C770C472652969400496697 /* Base */,
			);
			name = LaunchScreen.storyboard;
			sourceTree = "<group>";
		};
/* End PBXVariantGroup section */

/* Begin XCBuildConfiguration section */
		4C770C4A2652969400496697 /* Debug */ = {
			isa = XCBuildConfiguration;
			buildSettings = {
				ALWAYS_SEARCH_USER_PATHS = NO;
				CLANG_ANALYZER_NONNULL = YES;
				CLANG_ANALYZER_NUMBER_OBJECT_CONVERSION = YES_AGGRESSIVE;
				CLANG_CXX_LANGUAGE_STANDARD = "gnu++14";
				CLANG_CXX_LIBRARY = "libc++";
				CLANG_ENABLE_MODULES = YES;
				CLANG_ENABLE_OBJC_ARC = YES;
				CLANG_ENABLE_OBJC_WEAK = YES;
				CLANG_WARN_BLOCK_CAPTURE_AUTORELEASING = YES;
				CLANG_WARN_BOOL_CONVERSION = YES;
				CLANG_WARN_COMMA = YES;
				CLANG_WARN_CONSTANT_CONVERSION = YES;
				CLANG_WARN_DEPRECATED_OBJC_IMPLEMENTATIONS = YES;
				CLANG_WARN_DIRECT_OBJC_ISA_USAGE = YES_ERROR;
				CLANG_WARN_DOCUMENTATION_COMMENTS = YES;
				CLANG_WARN_EMPTY_BODY = YES;
				CLANG_WARN_ENUM_CONVERSION = YES;
				CLANG_WARN_INFINITE_RECURSION = YES;
				CLANG_WARN_INT_CONVERSION = YES;
				CLANG_WARN_NON_LITERAL_NULL_CONVERSION = YES;
				CLANG_WARN_OBJC_IMPLICIT_RETAIN_SELF = YES;
				CLANG_WARN_OBJC_LITERAL_CONVERSION = YES;
				CLANG_WARN_OBJC_ROOT_CLASS = YES_ERROR;
				CLANG_WARN_QUOTED_INCLUDE_IN_FRAMEWORK_HEADER = YES;
				CLANG_WARN_RANGE_LOOP_ANALYSIS = YES;
				CLANG_WARN_STRICT_PROTOTYPES = YES;
				CLANG_WARN_SUSPICIOUS_MOVE = YES;
				CLANG_WARN_UNGUARDED_AVAILABILITY = YES_AGGRESSIVE;
				CLANG_WARN_UNREACHABLE_CODE = YES;
				CLANG_WARN__DUPLICATE_METHOD_MATCH = YES;
				COPY_PHASE_STRIP = NO;
				DEBUG_INFORMATION_FORMAT = dwarf;
				ENABLE_STRICT_OBJC_MSGSEND = YES;
				ENABLE_TESTABILITY = YES;
				GCC_C_LANGUAGE_STANDARD = gnu11;
				GCC_DYNAMIC_NO_PIC = NO;
				GCC_NO_COMMON_BLOCKS = YES;
				GCC_OPTIMIZATION_LEVEL = 0;
				GCC_PREPROCESSOR_DEFINITIONS = (
					"DEBUG=1",
					"$(inherited)",
				);
				GCC_WARN_64_TO_32_BIT_CONVERSION = YES;
				GCC_WARN_ABOUT_RETURN_TYPE = YES_ERROR;
				GCC_WARN_UNDECLARED_SELECTOR = YES;
				GCC_WARN_UNINITIALIZED_AUTOS = YES_AGGRESSIVE;
				GCC_WARN_UNUSED_FUNCTION = YES;
				GCC_WARN_UNUSED_VARIABLE = YES;
				IPHONEOS_DEPLOYMENT_TARGET = 14.5;
				MTL_ENABLE_DEBUG_INFO = INCLUDE_SOURCE;
				MTL_FAST_MATH = YES;
				ONLY_ACTIVE_ARCH = YES;
				SDKROOT = iphoneos;
				SWIFT_ACTIVE_COMPILATION_CONDITIONS = DEBUG;
				SWIFT_OPTIMIZATION_LEVEL = "-Onone";
			};
			name = Debug;
		};
		4C770C4B2652969400496697 /* Release */ = {
			isa = XCBuildConfiguration;
			buildSettings = {
				ALWAYS_SEARCH_USER_PATHS = NO;
				CLANG_ANALYZER_NONNULL = YES;
				CLANG_ANALYZER_NUMBER_OBJECT_CONVERSION = YES_AGGRESSIVE;
				CLANG_CXX_LANGUAGE_STANDARD = "gnu++14";
				CLANG_CXX_LIBRARY = "libc++";
				CLANG_ENABLE_MODULES = YES;
				CLANG_ENABLE_OBJC_ARC = YES;
				CLANG_ENABLE_OBJC_WEAK = YES;
				CLANG_WARN_BLOCK_CAPTURE_AUTORELEASING = YES;
				CLANG_WARN_BOOL_CONVERSION = YES;
				CLANG_WARN_COMMA = YES;
				CLANG_WARN_CONSTANT_CONVERSION = YES;
				CLANG_WARN_DEPRECATED_OBJC_IMPLEMENTATIONS = YES;
				CLANG_WARN_DIRECT_OBJC_ISA_USAGE = YES_ERROR;
				CLANG_WARN_DOCUMENTATION_COMMENTS = YES;
				CLANG_WARN_EMPTY_BODY = YES;
				CLANG_WARN_ENUM_CONVERSION = YES;
				CLANG_WARN_INFINITE_RECURSION = YES;
				CLANG_WARN_INT_CONVERSION = YES;
				CLANG_WARN_NON_LITERAL_NULL_CONVERSION = YES;
				CLANG_WARN_OBJC_IMPLICIT_RETAIN_SELF = YES;
				CLANG_WARN_OBJC_LITERAL_CONVERSION = YES;
				CLANG_WARN_OBJC_ROOT_CLASS = YES_ERROR;
				CLANG_WARN_QUOTED_INCLUDE_IN_FRAMEWORK_HEADER = YES;
				CLANG_WARN_RANGE_LOOP_ANALYSIS = YES;
				CLANG_WARN_STRICT_PROTOTYPES = YES;
				CLANG_WARN_SUSPICIOUS_MOVE = YES;
				CLANG_WARN_UNGUARDED_AVAILABILITY = YES_AGGRESSIVE;
				CLANG_WARN_UNREACHABLE_CODE = YES;
				CLANG_WARN__DUPLICATE_METHOD_MATCH = YES;
				COPY_PHASE_STRIP = NO;
				DEBUG_INFORMATION_FORMAT = "dwarf-with-dsym";
				ENABLE_NS_ASSERTIONS = NO;
				ENABLE_STRICT_OBJC_MSGSEND = YES;
				GCC_C_LANGUAGE_STANDARD = gnu11;
				GCC_NO_COMMON_BLOCKS = YES;
				GCC_WARN_64_TO_32_BIT_CONVERSION = YES;
				GCC_WARN_ABOUT_RETURN_TYPE = YES_ERROR;
				GCC_WARN_UNDECLARED_SELECTOR = YES;
				GCC_WARN_UNINITIALIZED_AUTOS = YES_AGGRESSIVE;
				GCC_WARN_UNUSED_FUNCTION = YES;
				GCC_WARN_UNUSED_VARIABLE = YES;
				IPHONEOS_DEPLOYMENT_TARGET = 14.5;
				MTL_ENABLE_DEBUG_INFO = NO;
				MTL_FAST_MATH = YES;
				SDKROOT = iphoneos;
				SWIFT_COMPILATION_MODE = wholemodule;
				SWIFT_OPTIMIZATION_LEVEL = "-O";
				VALIDATE_PRODUCT = YES;
			};
			name = Release;
		};
		4C770C4D2652969400496697 /* Debug */ = {
			isa = XCBuildConfiguration;
			buildSettings = {
				ASSETCATALOG_COMPILER_APPICON_NAME = AppIcon;
				ASSETCATALOG_COMPILER_GLOBAL_ACCENT_COLOR_NAME = AccentColor;
				CODE_SIGN_STYLE = Automatic;
				DEVELOPMENT_TEAM = XD436Y578P;
				INFOPLIST_FILE = "Challenge-Day23/Info.plist";
				LD_RUNPATH_SEARCH_PATHS = (
					"$(inherited)",
					"@executable_path/Frameworks",
				);
				PRODUCT_BUNDLE_IDENTIFIER = "Bhargav.Challenge-Day23";
				PRODUCT_NAME = "$(TARGET_NAME)";
				SWIFT_VERSION = 5.0;
				TARGETED_DEVICE_FAMILY = "1,2";
			};
			name = Debug;
		};
		4C770C4E2652969400496697 /* Release */ = {
			isa = XCBuildConfiguration;
			buildSettings = {
				ASSETCATALOG_COMPILER_APPICON_NAME = AppIcon;
				ASSETCATALOG_COMPILER_GLOBAL_ACCENT_COLOR_NAME = AccentColor;
				CODE_SIGN_STYLE = Automatic;
				DEVELOPMENT_TEAM = XD436Y578P;
				INFOPLIST_FILE = "Challenge-Day23/Info.plist";
				LD_RUNPATH_SEARCH_PATHS = (
					"$(inherited)",
					"@executable_path/Frameworks",
				);
				PRODUCT_BUNDLE_IDENTIFIER = "Bhargav.Challenge-Day23";
				PRODUCT_NAME = "$(TARGET_NAME)";
				SWIFT_VERSION = 5.0;
				TARGETED_DEVICE_FAMILY = "1,2";
			};
			name = Release;
		};
/* End XCBuildConfiguration section */

/* Begin XCConfigurationList section */
		4C770C332652969000496697 /* Build configuration list for PBXProject "Challenge-Day23" */ = {
			isa = XCConfigurationList;
			buildConfigurations = (
				4C770C4A2652969400496697 /* Debug */,
				4C770C4B2652969400496697 /* Release */,
			);
			defaultConfigurationIsVisible = 0;
			defaultConfigurationName = Release;
		};
		4C770C4C2652969400496697 /* Build configuration list for PBXNativeTarget "Challenge-Day23" */ = {
			isa = XCConfigurationList;
			buildConfigurations = (
				4C770C4D2652969400496697 /* Debug */,
				4C770C4E2652969400496697 /* Release */,
			);
			defaultConfigurationIsVisible = 0;
			defaultConfigurationName = Release;
		};
/* End XCConfigurationList section */
	};
	rootObject = 4C770C302652969000496697 /* Project object */;
}
